
Microsoft Visual Studio Solution File, Format Version 12.00
# Visual Studio Version 17
VisualStudioVersion = 17.6.33723.286
MinimumVisualStudioVersion = 10.0.40219.1
Project("{FAE04EC0-301F-11D3-BF4B-00C04F79EFBC}") = "Zoo", "Zoo\Zoo.csproj", "{A069F2DB-DC18-4CDF-B720-06AEDD7141BF}"
EndProject
Global
	GlobalSection(SolutionConfigurationPlatforms) = preSolution
		Debug|Any CPU = Debug|Any CPU
		Release|Any CPU = Release|Any CPU
	EndGlobalSection
	GlobalSection(ProjectConfigurationPlatforms) = postSolution
		{A069F2DB-DC18-4CDF-B720-06AEDD7141BF}.Debug|Any CPU.ActiveCfg = Debug|Any CPU
		{A069F2DB-DC18-4CDF-B720-06AEDD7141BF}.Debug|Any CPU.Build.0 = Debug|Any CPU
		{A069F2DB-DC18-4CDF-B720-06AEDD7141BF}.Release|Any CPU.ActiveCfg = Release|Any CPU
		{A069F2DB-DC18-4CDF-B720-06AEDD7141BF}.Release|Any CPU.Build.0 = Release|Any CPU
	EndGlobalSection
	GlobalSection(SolutionProperties) = preSolution
		HideSolutionNode = FALSE
	EndGlobalSection
	GlobalSection(ExtensibilityGlobals) = postSolution
		SolutionGuid = {B67997B2-3992-4381-8624-1792A955E655}
	EndGlobalSection
EndGlobal
